SITE
  remote: http://community.opscode.com/api/v1
  specs:
    apache2 (1.6.6)
    apt (2.0.0)
    build-essential (1.4.0)
    chef_handler (1.1.4)
    iptables (0.12.0)
    java (1.11.6)
      windows (>= 0.0.0)
    nginx (1.7.0)
      apt (>= 0.0.0)
      build-essential (>= 0.0.0)
      ohai (>= 1.1.4)
      runit (>= 0.0.0)
      yum (>= 0.0.0)
    ohai (1.1.10)
    windows (1.10.0)
      chef_handler (>= 0.0.0)
    yum (2.3.0)

GIT
  remote: https://github.com/gansbrest/runit.git
  ref: rpm_rehl_root_dir_fix
  sha: d203fb69058f127bdee88b5a6e1bb07a66f0fcfa
  specs:
    runit (1.1.7)
      build-essential (>= 0.0.0)
      yum (>= 0.0.0)

GIT
  remote: https://github.com/opscode-cookbooks/jenkins.git
  ref: master
  sha: 0ff2a4e20e5ca0646a112b3bc11c22af87a9f3ad
  specs:
    jenkins (0.8.0)
      apache2 (>= 0.0.0)
      apt (>= 0.0.0)
      iptables (>= 0.0.0)
      java (>= 0.0.0)
      nginx (>= 0.0.0)
      runit (>= 1.0.0)

DEPENDENCIES
  jenkins (>= 0)
  nginx (>= 0)
  runit (>= 0)

